# The published Skein wheel, pinned by digest. deployment/README.md stages
# the wheel through this file, and deployment/Dockerfile installs it through
# this file, so both refuse any other bytes. The zero digest refuses every
# wheel: replace it with the sha256 of the published file before the first
# build (deployment/README.md says where to read it).
skein-agents==0.6.7 \
    --hash=sha256:0000000000000000000000000000000000000000000000000000000000000000
